
Microsoft Visual Studio Solution File, Format Version 9.00
# Visual Studio 2005
Project("{FAE04EC0-301F-11D3-BF4B-00C04F79EFBC}") = "Vocada.CSTools.Common", "Vocada.CSTools.Common.csproj", "{8077AA96-93D6-4771-BA60-81C7D07023B0}"
EndProject
Global
	GlobalSection(SourceCodeControl) = preSolution
		SccNumberOfProjects = 2
		SccProjectUniqueName0 = Vocada.CSTools.Common.csproj
		SccLocalPath0 = .
		CanCheckoutShared = false
		SccProjectName1 = \u0022$/Vocada/Veriphy\u00202.2/Veriphy\u0020Source\u0020Code/CSTools/Vocada.CSTools.Common\u0022,\u0020CGOYAAAA
		SccLocalPath1 = .
		SccProvider1 = MSSCCI:Microsoft\u0020Visual\u0020SourceSafe
		CanCheckoutShared = false
	EndGlobalSection
	GlobalSection(SolutionConfigurationPlatforms) = preSolution
		Debug|Any CPU = Debug|Any CPU
		Release|Any CPU = Release|Any CPU
	EndGlobalSection
	GlobalSection(ProjectConfigurationPlatforms) = postSolution
		{8077AA96-93D6-4771-BA60-81C7D07023B0}.Debug|Any CPU.ActiveCfg = Debug|Any CPU
		{8077AA96-93D6-4771-BA60-81C7D07023B0}.Debug|Any CPU.Build.0 = Debug|Any CPU
		{8077AA96-93D6-4771-BA60-81C7D07023B0}.Release|Any CPU.ActiveCfg = Release|Any CPU
		{8077AA96-93D6-4771-BA60-81C7D07023B0}.Release|Any CPU.Build.0 = Release|Any CPU
	EndGlobalSection
	GlobalSection(SolutionProperties) = preSolution
		HideSolutionNode = FALSE
	EndGlobalSection
EndGlobal
