
Microsoft Visual Studio Solution File, Format Version 12.00
# Visual Studio 15
VisualStudioVersion = 15.0.28010.2046
MinimumVisualStudioVersion = 10.0.40219.1
Project("{FAE04EC0-301F-11D3-BF4B-00C04F79EFBC}") = "HelloIndigoService", "Lab01 Basic\HelloIndigo Code\HelloIndigoService\HelloIndigoService.csproj", "{26E93F42-5BD4-41C8-A534-98481BE8C4DE}"
EndProject
Project("{FAE04EC0-301F-11D3-BF4B-00C04F79EFBC}") = "HelloIndigoHost", "Lab01 Basic\HelloIndigo Code\HelloIndigoHost\HelloIndigoHost.csproj", "{FEEB464B-7EED-4B92-8B9B-00A9791FB237}"
EndProject
Project("{FAE04EC0-301F-11D3-BF4B-00C04F79EFBC}") = "HelloIndigoClient", "Lab01 Basic\HelloIndigo Code\HelloIndigoClient\HelloIndigoClient.csproj", "{BDE694B5-1D43-4D45-8252-AE4989F19CBB}"
EndProject
Project("{2150E333-8FDC-42A3-9474-1A3956D46DE8}") = "HelloIndigo Code", "HelloIndigo Code", "{E44A5803-7774-4C18-BA85-9DD4CED20A76}"
EndProject
Project("{2150E333-8FDC-42A3-9474-1A3956D46DE8}") = "HelloIndigo Config", "HelloIndigo Config", "{446C64F6-721C-4D5F-80F0-57FEFADC865A}"
EndProject
Project("{FAE04EC0-301F-11D3-BF4B-00C04F79EFBC}") = "HelloIndigoService", "Lab01 Basic\HelloIndigo Config\HelloIndigoService\HelloIndigoService.csproj", "{CE0F9276-EDF0-44E1-A3E8-5369AD97C39C}"
EndProject
Project("{FAE04EC0-301F-11D3-BF4B-00C04F79EFBC}") = "HelloIndigoHost", "Lab01 Basic\HelloIndigo Config\HelloIndigoHost\HelloIndigoHost.csproj", "{F4FA484A-107F-4BF2-98AF-42B55C6D13BC}"
EndProject
Project("{FAE04EC0-301F-11D3-BF4B-00C04F79EFBC}") = "HelloIndigoClient", "Lab01 Basic\HelloIndigo Config\HelloIndigoClient\HelloIndigoClient.csproj", "{D3FF01F7-15AA-45DA-83E0-3A786910A393}"
EndProject
Project("{2150E333-8FDC-42A3-9474-1A3956D46DE8}") = "Lab01 Basic", "Lab01 Basic", "{929CA028-706C-44A7-99A5-47E028407A72}"
EndProject
Project("{2150E333-8FDC-42A3-9474-1A3956D46DE8}") = "Lab06 Hosting", "Lab06 Hosting", "{7C02B643-169C-4ED3-871A-46B008B59271}"
EndProject
Project("{2150E333-8FDC-42A3-9474-1A3956D46DE8}") = "HelloIndigo IIS", "HelloIndigo IIS", "{49185B10-4897-4125-A6D0-349E9D39C1A2}"
EndProject
Project("{FAE04EC0-301F-11D3-BF4B-00C04F79EFBC}") = "HelloIndigoService", "Lab06 Hosting\HelloIndigo IIS\HelloIndigoService\HelloIndigoService.csproj", "{6F7173A1-671A-4A11-856D-530F8E70B19C}"
EndProject
Project("{E24C65DC-7377-472B-9ABA-BC803B73C61A}") = "HelloIndigoHost", "Lab06 Hosting\HelloIndigo IIS\HelloIndigoHost\", "{68D615B9-3E52-49E1-AB86-9555AC35D596}"
	ProjectSection(WebsiteProperties) = preProject
		TargetFrameworkMoniker = ".NETFramework,Version%3Dv3.5"
		Debug.AspNetCompiler.VirtualPath = "/HelloIndigoHost"
		Debug.AspNetCompiler.PhysicalPath = "Lab06 Hosting\HelloIndigo IIS\HelloIndigoHost\"
		Debug.AspNetCompiler.TargetPath = "PrecompiledWeb\HelloIndigoHost\"
		Debug.AspNetCompiler.Updateable = "true"
		Debug.AspNetCompiler.ForceOverwrite = "true"
		Debug.AspNetCompiler.FixedNames = "false"
		Debug.AspNetCompiler.Debug = "True"
		Release.AspNetCompiler.VirtualPath = "/HelloIndigoHost"
		Release.AspNetCompiler.PhysicalPath = "Lab06 Hosting\HelloIndigo IIS\HelloIndigoHost\"
		Release.AspNetCompiler.TargetPath = "PrecompiledWeb\HelloIndigoHost\"
		Release.AspNetCompiler.Updateable = "true"
		Release.AspNetCompiler.ForceOverwrite = "true"
		Release.AspNetCompiler.FixedNames = "false"
		Release.AspNetCompiler.Debug = "False"
		VWDPort = "62919"
		SlnRelativePath = "Lab06 Hosting\HelloIndigo IIS\HelloIndigoHost\"
	EndProjectSection
EndProject
Project("{FAE04EC0-301F-11D3-BF4B-00C04F79EFBC}") = "HelloIndigoClient", "Lab06 Hosting\HelloIndigo IIS\HelloIndigoClient\HelloIndigoClient.csproj", "{A689E437-270F-47CB-9934-949A644A2A9C}"
EndProject
Project("{2150E333-8FDC-42A3-9474-1A3956D46DE8}") = "Lab02 Contracts", "Lab02 Contracts", "{D2E13EE2-BE60-4507-9E55-2DC88B9D6C95}"
EndProject
Project("{2150E333-8FDC-42A3-9474-1A3956D46DE8}") = "Lab04 Exception", "Lab04 Exception", "{89FA31ED-AA6F-42B9-9A1A-3FCC48787F63}"
EndProject
Project("{2150E333-8FDC-42A3-9474-1A3956D46DE8}") = "Lab05 Binding", "Lab05 Binding", "{F0F04BD6-EFB2-4B93-9B20-B1797F683FD0}"
EndProject
Project("{2150E333-8FDC-42A3-9474-1A3956D46DE8}") = "Lab07 Security", "Lab07 Security", "{B60AF327-72A1-47D1-965F-6F17F04BE00B}"
EndProject
Project("{2150E333-8FDC-42A3-9474-1A3956D46DE8}") = "HelloIndigo DC", "HelloIndigo DC", "{29D0DEBF-6F36-4FEB-8FF6-AEBDB51A6066}"
EndProject
Project("{2150E333-8FDC-42A3-9474-1A3956D46DE8}") = "HelloIndigo KT", "HelloIndigo KT", "{E03E491E-4156-42FE-A327-D7BDC98C3841}"
EndProject
Project("{2150E333-8FDC-42A3-9474-1A3956D46DE8}") = "HelloIndigo MC", "HelloIndigo MC", "{BF55918A-44CC-4006-9684-ABF26D652C69}"
EndProject
Project("{2150E333-8FDC-42A3-9474-1A3956D46DE8}") = "HelloIndigo Fault", "HelloIndigo Fault", "{E6A8D504-6CDE-48A5-AB05-FD99B0E2B5C5}"
EndProject
Project("{2150E333-8FDC-42A3-9474-1A3956D46DE8}") = "HelloIndigo UnCaught", "HelloIndigo UnCaught", "{FB530EFF-969D-4F05-8E31-FDEFFB3A0606}"
EndProject
Project("{2150E333-8FDC-42A3-9474-1A3956D46DE8}") = "HelloIndigo Duplex", "HelloIndigo Duplex", "{659A9493-8905-44DA-BFFD-FB3593ADC05E}"
EndProject
Project("{2150E333-8FDC-42A3-9474-1A3956D46DE8}") = "HelloIndigo WIN", "HelloIndigo WIN", "{B48C9F6E-E943-4749-97C9-B0032AFEF420}"
EndProject
Project("{2150E333-8FDC-42A3-9474-1A3956D46DE8}") = "HelloIndigo WS", "HelloIndigo WS", "{C3B8B755-08B2-492B-94AC-00118B69000D}"
EndProject
Project("{2150E333-8FDC-42A3-9474-1A3956D46DE8}") = "HelloSecurity BasicHttpA", "HelloSecurity BasicHttpA", "{EE03E2D2-2188-4039-A8DF-CAD403DB78A3}"
EndProject
Project("{2150E333-8FDC-42A3-9474-1A3956D46DE8}") = "HelloSecurity BasicHttpB", "HelloSecurity BasicHttpB", "{B8DA3EE6-DD22-49F6-9600-1C18D7C41075}"
EndProject
Project("{2150E333-8FDC-42A3-9474-1A3956D46DE8}") = "HelloSecurity BasicHttpC", "HelloSecurity BasicHttpC", "{DEBD1DEE-E82E-4210-B475-283077BA58FD}"
EndProject
Project("{2150E333-8FDC-42A3-9474-1A3956D46DE8}") = "HelloSecurity BasicHttpD", "HelloSecurity BasicHttpD", "{B3249114-7B9D-4D26-AD0A-7DAB0CE27201}"
EndProject
Project("{2150E333-8FDC-42A3-9474-1A3956D46DE8}") = "HelloSecurity InternetA", "HelloSecurity InternetA", "{60D3FA81-18CB-4F33-82FC-9EAE671EFCCD}"
EndProject
Project("{2150E333-8FDC-42A3-9474-1A3956D46DE8}") = "HelloSecurity InternetB", "HelloSecurity InternetB", "{B11CC4DF-D495-493B-ABC7-1643CE9902A4}"
EndProject
Project("{2150E333-8FDC-42A3-9474-1A3956D46DE8}") = "HelloSecurityNetTcpA", "HelloSecurityNetTcpA", "{9A419532-E1DC-4714-83CC-5DBEA47B3901}"
EndProject
Project("{2150E333-8FDC-42A3-9474-1A3956D46DE8}") = "HelloSecurityNetTcpB", "HelloSecurityNetTcpB", "{CD043DE5-E438-46E7-92E4-222E0015E89C}"
EndProject
Project("{2150E333-8FDC-42A3-9474-1A3956D46DE8}") = "HelloSecurityWsHttpA", "HelloSecurityWsHttpA", "{2E42D169-3BB0-4D2C-9339-6614517C5DD1}"
EndProject
Project("{2150E333-8FDC-42A3-9474-1A3956D46DE8}") = "HelloSecurityWsHttpB", "HelloSecurityWsHttpB", "{6DB61F06-26E3-49D7-BB0A-E0D05C92DDBA}"
EndProject
Project("{2150E333-8FDC-42A3-9474-1A3956D46DE8}") = "HelloSecurityWsHttpC", "HelloSecurityWsHttpC", "{968F07C5-1822-4BD9-BB74-4FD7E32C6648}"
EndProject
Project("{2150E333-8FDC-42A3-9474-1A3956D46DE8}") = "HelloSecurityWsHttpD", "HelloSecurityWsHttpD", "{A693691F-38D9-4E38-B349-1DFC19E786C2}"
EndProject
Project("{FAE04EC0-301F-11D3-BF4B-00C04F79EFBC}") = "HelloIndigo ContentType", "Lab02 Contracts\HelloIndigo DC\HelloIndigo ContentType\HelloIndigo ContentType.csproj", "{5FE0953C-749D-4FC5-9D81-220921D7E08C}"
EndProject
Project("{FAE04EC0-301F-11D3-BF4B-00C04F79EFBC}") = "HelloIndigoService", "Lab02 Contracts\HelloIndigo DC\HelloIndigoService\HelloIndigoService.csproj", "{61F818E4-5EE7-4C1F-9DFB-032E4C40CAF2}"
EndProject
Project("{FAE04EC0-301F-11D3-BF4B-00C04F79EFBC}") = "HelloIndigoClient", "Lab02 Contracts\HelloIndigo DC\HelloIndigoClient\HelloIndigoClient.csproj", "{1D350BD6-9164-4BE8-9184-654425D4F607}"
EndProject
Project("{FAE04EC0-301F-11D3-BF4B-00C04F79EFBC}") = "HelloIndigoHost", "Lab02 Contracts\HelloIndigo DC\HelloIndigoHost\HelloIndigoHost.csproj", "{FE530387-041D-4CB7-9A5C-969A883B6542}"
EndProject
Project("{FAE04EC0-301F-11D3-BF4B-00C04F79EFBC}") = "HelloIndigo ContentType", "Lab02 Contracts\HelloIndigo KT\HelloIndigo ContentType\HelloIndigo ContentType.csproj", "{BC05F353-3BB9-492F-956A-DEC952574A08}"
EndProject
Project("{FAE04EC0-301F-11D3-BF4B-00C04F79EFBC}") = "HelloIndigoClient", "Lab02 Contracts\HelloIndigo KT\HelloIndigoClient\HelloIndigoClient.csproj", "{5E2E8185-DE34-4CDC-954B-2911B3F601B8}"
EndProject
Project("{FAE04EC0-301F-11D3-BF4B-00C04F79EFBC}") = "HelloIndigoHost", "Lab02 Contracts\HelloIndigo KT\HelloIndigoHost\HelloIndigoHost.csproj", "{3DD740DA-8A4D-44B7-8A5D-FF8A75948EE6}"
EndProject
Project("{FAE04EC0-301F-11D3-BF4B-00C04F79EFBC}") = "HelloIndigoService", "Lab02 Contracts\HelloIndigo KT\HelloIndigoService\HelloIndigoService.csproj", "{31807024-1145-4EA5-981B-46B1734092E2}"
EndProject
Project("{FAE04EC0-301F-11D3-BF4B-00C04F79EFBC}") = "HelloIndigo ContentType", "Lab02 Contracts\HelloIndigo MC\HelloIndigo ContentType\HelloIndigo ContentType.csproj", "{3DB0F1AD-3784-422B-9944-C414AF0535A7}"
EndProject
Project("{FAE04EC0-301F-11D3-BF4B-00C04F79EFBC}") = "HelloIndigoClient", "Lab02 Contracts\HelloIndigo MC\HelloIndigoClient\HelloIndigoClient.csproj", "{3432B97B-A279-4452-BA9C-AEEB5C83AA24}"
EndProject
Project("{FAE04EC0-301F-11D3-BF4B-00C04F79EFBC}") = "HelloIndigoHost", "Lab02 Contracts\HelloIndigo MC\HelloIndigoHost\HelloIndigoHost.csproj", "{F2824893-C1AD-4556-A8D7-6B9B3F7AD593}"
EndProject
Project("{FAE04EC0-301F-11D3-BF4B-00C04F79EFBC}") = "HelloIndigoService", "Lab02 Contracts\HelloIndigo MC\HelloIndigoService\HelloIndigoService.csproj", "{8C7CC14B-11A8-43F0-BCF4-5D5CEC0BAE56}"
EndProject
Project("{FAE04EC0-301F-11D3-BF4B-00C04F79EFBC}") = "HelloSecureClient", "Lab07 Security\HelloSecurity BasicHttpA\HelloSecureClient\HelloSecureClient.csproj", "{BFE20B69-1B2C-4268-912D-5375E32B9981}"
EndProject
Project("{FAE04EC0-301F-11D3-BF4B-00C04F79EFBC}") = "HelloSecureService", "Lab07 Security\HelloSecurity BasicHttpA\HelloSecureService\HelloSecureService.csproj", "{4FE095E5-DAEB-49F6-886F-65192903D12A}"
EndProject
Project("{E24C65DC-7377-472B-9ABA-BC803B73C61A}") = "HelloSecurity BasicHttpA", "Lab07 Security\HelloSecurity BasicHttpA\", "{64FCFA62-F8AE-422D-B3C8-C0784160AA39}"
	ProjectSection(WebsiteProperties) = preProject
		TargetFrameworkMoniker = ".NETFramework,Version%3Dv4.0"
		Debug.AspNetCompiler.VirtualPath = "/localhost_61920"
		Debug.AspNetCompiler.PhysicalPath = "Lab07 Security\HelloSecurity BasicHttpA\"
		Debug.AspNetCompiler.TargetPath = "PrecompiledWeb\localhost_61920\"
		Debug.AspNetCompiler.Updateable = "true"
		Debug.AspNetCompiler.ForceOverwrite = "true"
		Debug.AspNetCompiler.FixedNames = "false"
		Debug.AspNetCompiler.Debug = "True"
		Release.AspNetCompiler.VirtualPath = "/localhost_61920"
		Release.AspNetCompiler.PhysicalPath = "Lab07 Security\HelloSecurity BasicHttpA\"
		Release.AspNetCompiler.TargetPath = "PrecompiledWeb\localhost_61920\"
		Release.AspNetCompiler.Updateable = "true"
		Release.AspNetCompiler.ForceOverwrite = "true"
		Release.AspNetCompiler.FixedNames = "false"
		Release.AspNetCompiler.Debug = "False"
		VWDPort = "61920"
		SlnRelativePath = "Lab07 Security\HelloSecurity BasicHttpA\"
	EndProjectSection
EndProject
Project("{FAE04EC0-301F-11D3-BF4B-00C04F79EFBC}") = "HelloIndigoService", "Lab04 Exception\HelloIndigo Fault\HelloIndigoService\HelloIndigoService.csproj", "{65530701-02A9-40FE-8DE2-EE67C0BA7C9F}"
EndProject
Project("{FAE04EC0-301F-11D3-BF4B-00C04F79EFBC}") = "HelloIndigoHost", "Lab04 Exception\HelloIndigo Fault\HelloIndigoHost\HelloIndigoHost.csproj", "{CBCB2FC4-9E05-443C-996B-888344428119}"
EndProject
Project("{FAE04EC0-301F-11D3-BF4B-00C04F79EFBC}") = "HelloIndigoClient", "Lab04 Exception\HelloIndigo Fault\HelloIndigoClient\HelloIndigoClient.csproj", "{A5453972-F676-4DA7-A86A-0E81009534AD}"
EndProject
Project("{FAE04EC0-301F-11D3-BF4B-00C04F79EFBC}") = "HelloIndigoWinClient", "Lab04 Exception\HelloIndigo UnCaught\HelloIndigoWinClient\HelloIndigoWinClient.csproj", "{EE2177FE-5A6A-41D8-BD6A-731EA4D88B51}"
EndProject
Project("{FAE04EC0-301F-11D3-BF4B-00C04F79EFBC}") = "HelloIndigoService", "Lab04 Exception\HelloIndigo UnCaught\HelloIndigoService\HelloIndigoService.csproj", "{BA1B30BA-4150-48F7-943C-21DFBDE201AA}"
EndProject
Project("{FAE04EC0-301F-11D3-BF4B-00C04F79EFBC}") = "HelloIndigoHost", "Lab04 Exception\HelloIndigo UnCaught\HelloIndigoHost\HelloIndigoHost.csproj", "{E62A0F7A-3582-46F4-ADC8-28341AEE6CC8}"
EndProject
Project("{FAE04EC0-301F-11D3-BF4B-00C04F79EFBC}") = "HelloIndigoClient", "Lab04 Exception\HelloIndigo UnCaught\HelloIndigoClient\HelloIndigoClient.csproj", "{B78C3D6A-F940-41B4-95F6-4FE69F5E2A72}"
EndProject
Global
	GlobalSection(SolutionConfigurationPlatforms) = preSolution
		Debug|Any CPU = Debug|Any CPU
		Release|Any CPU = Release|Any CPU
	EndGlobalSection
	GlobalSection(ProjectConfigurationPlatforms) = postSolution
		{26E93F42-5BD4-41C8-A534-98481BE8C4DE}.Debug|Any CPU.ActiveCfg = Debug|Any CPU
		{26E93F42-5BD4-41C8-A534-98481BE8C4DE}.Debug|Any CPU.Build.0 = Debug|Any CPU
		{26E93F42-5BD4-41C8-A534-98481BE8C4DE}.Release|Any CPU.ActiveCfg = Release|Any CPU
		{26E93F42-5BD4-41C8-A534-98481BE8C4DE}.Release|Any CPU.Build.0 = Release|Any CPU
		{FEEB464B-7EED-4B92-8B9B-00A9791FB237}.Debug|Any CPU.ActiveCfg = Debug|Any CPU
		{FEEB464B-7EED-4B92-8B9B-00A9791FB237}.Debug|Any CPU.Build.0 = Debug|Any CPU
		{FEEB464B-7EED-4B92-8B9B-00A9791FB237}.Release|Any CPU.ActiveCfg = Release|Any CPU
		{FEEB464B-7EED-4B92-8B9B-00A9791FB237}.Release|Any CPU.Build.0 = Release|Any CPU
		{BDE694B5-1D43-4D45-8252-AE4989F19CBB}.Debug|Any CPU.ActiveCfg = Debug|Any CPU
		{BDE694B5-1D43-4D45-8252-AE4989F19CBB}.Debug|Any CPU.Build.0 = Debug|Any CPU
		{BDE694B5-1D43-4D45-8252-AE4989F19CBB}.Release|Any CPU.ActiveCfg = Release|Any CPU
		{BDE694B5-1D43-4D45-8252-AE4989F19CBB}.Release|Any CPU.Build.0 = Release|Any CPU
		{CE0F9276-EDF0-44E1-A3E8-5369AD97C39C}.Debug|Any CPU.ActiveCfg = Debug|Any CPU
		{CE0F9276-EDF0-44E1-A3E8-5369AD97C39C}.Debug|Any CPU.Build.0 = Debug|Any CPU
		{CE0F9276-EDF0-44E1-A3E8-5369AD97C39C}.Release|Any CPU.ActiveCfg = Release|Any CPU
		{CE0F9276-EDF0-44E1-A3E8-5369AD97C39C}.Release|Any CPU.Build.0 = Release|Any CPU
		{F4FA484A-107F-4BF2-98AF-42B55C6D13BC}.Debug|Any CPU.ActiveCfg = Debug|Any CPU
		{F4FA484A-107F-4BF2-98AF-42B55C6D13BC}.Debug|Any CPU.Build.0 = Debug|Any CPU
		{F4FA484A-107F-4BF2-98AF-42B55C6D13BC}.Release|Any CPU.ActiveCfg = Release|Any CPU
		{F4FA484A-107F-4BF2-98AF-42B55C6D13BC}.Release|Any CPU.Build.0 = Release|Any CPU
		{D3FF01F7-15AA-45DA-83E0-3A786910A393}.Debug|Any CPU.ActiveCfg = Debug|Any CPU
		{D3FF01F7-15AA-45DA-83E0-3A786910A393}.Debug|Any CPU.Build.0 = Debug|Any CPU
		{D3FF01F7-15AA-45DA-83E0-3A786910A393}.Release|Any CPU.ActiveCfg = Release|Any CPU
		{D3FF01F7-15AA-45DA-83E0-3A786910A393}.Release|Any CPU.Build.0 = Release|Any CPU
		{6F7173A1-671A-4A11-856D-530F8E70B19C}.Debug|Any CPU.ActiveCfg = Debug|Any CPU
		{6F7173A1-671A-4A11-856D-530F8E70B19C}.Debug|Any CPU.Build.0 = Debug|Any CPU
		{6F7173A1-671A-4A11-856D-530F8E70B19C}.Release|Any CPU.ActiveCfg = Release|Any CPU
		{6F7173A1-671A-4A11-856D-530F8E70B19C}.Release|Any CPU.Build.0 = Release|Any CPU
		{68D615B9-3E52-49E1-AB86-9555AC35D596}.Debug|Any CPU.ActiveCfg = Debug|Any CPU
		{68D615B9-3E52-49E1-AB86-9555AC35D596}.Debug|Any CPU.Build.0 = Debug|Any CPU
		{68D615B9-3E52-49E1-AB86-9555AC35D596}.Release|Any CPU.ActiveCfg = Debug|Any CPU
		{68D615B9-3E52-49E1-AB86-9555AC35D596}.Release|Any CPU.Build.0 = Debug|Any CPU
		{A689E437-270F-47CB-9934-949A644A2A9C}.Debug|Any CPU.ActiveCfg = Debug|Any CPU
		{A689E437-270F-47CB-9934-949A644A2A9C}.Debug|Any CPU.Build.0 = Debug|Any CPU
		{A689E437-270F-47CB-9934-949A644A2A9C}.Release|Any CPU.ActiveCfg = Release|Any CPU
		{A689E437-270F-47CB-9934-949A644A2A9C}.Release|Any CPU.Build.0 = Release|Any CPU
		{5FE0953C-749D-4FC5-9D81-220921D7E08C}.Debug|Any CPU.ActiveCfg = Debug|Any CPU
		{5FE0953C-749D-4FC5-9D81-220921D7E08C}.Debug|Any CPU.Build.0 = Debug|Any CPU
		{5FE0953C-749D-4FC5-9D81-220921D7E08C}.Release|Any CPU.ActiveCfg = Release|Any CPU
		{5FE0953C-749D-4FC5-9D81-220921D7E08C}.Release|Any CPU.Build.0 = Release|Any CPU
		{61F818E4-5EE7-4C1F-9DFB-032E4C40CAF2}.Debug|Any CPU.ActiveCfg = Debug|Any CPU
		{61F818E4-5EE7-4C1F-9DFB-032E4C40CAF2}.Debug|Any CPU.Build.0 = Debug|Any CPU
		{61F818E4-5EE7-4C1F-9DFB-032E4C40CAF2}.Release|Any CPU.ActiveCfg = Release|Any CPU
		{61F818E4-5EE7-4C1F-9DFB-032E4C40CAF2}.Release|Any CPU.Build.0 = Release|Any CPU
		{1D350BD6-9164-4BE8-9184-654425D4F607}.Debug|Any CPU.ActiveCfg = Debug|Any CPU
		{1D350BD6-9164-4BE8-9184-654425D4F607}.Debug|Any CPU.Build.0 = Debug|Any CPU
		{1D350BD6-9164-4BE8-9184-654425D4F607}.Release|Any CPU.ActiveCfg = Release|Any CPU
		{1D350BD6-9164-4BE8-9184-654425D4F607}.Release|Any CPU.Build.0 = Release|Any CPU
		{FE530387-041D-4CB7-9A5C-969A883B6542}.Debug|Any CPU.ActiveCfg = Debug|Any CPU
		{FE530387-041D-4CB7-9A5C-969A883B6542}.Debug|Any CPU.Build.0 = Debug|Any CPU
		{FE530387-041D-4CB7-9A5C-969A883B6542}.Release|Any CPU.ActiveCfg = Release|Any CPU
		{FE530387-041D-4CB7-9A5C-969A883B6542}.Release|Any CPU.Build.0 = Release|Any CPU
		{BC05F353-3BB9-492F-956A-DEC952574A08}.Debug|Any CPU.ActiveCfg = Debug|Any CPU
		{BC05F353-3BB9-492F-956A-DEC952574A08}.Debug|Any CPU.Build.0 = Debug|Any CPU
		{BC05F353-3BB9-492F-956A-DEC952574A08}.Release|Any CPU.ActiveCfg = Release|Any CPU
		{BC05F353-3BB9-492F-956A-DEC952574A08}.Release|Any CPU.Build.0 = Release|Any CPU
		{5E2E8185-DE34-4CDC-954B-2911B3F601B8}.Debug|Any CPU.ActiveCfg = Debug|Any CPU
		{5E2E8185-DE34-4CDC-954B-2911B3F601B8}.Debug|Any CPU.Build.0 = Debug|Any CPU
		{5E2E8185-DE34-4CDC-954B-2911B3F601B8}.Release|Any CPU.ActiveCfg = Release|Any CPU
		{5E2E8185-DE34-4CDC-954B-2911B3F601B8}.Release|Any CPU.Build.0 = Release|Any CPU
		{3DD740DA-8A4D-44B7-8A5D-FF8A75948EE6}.Debug|Any CPU.ActiveCfg = Debug|Any CPU
		{3DD740DA-8A4D-44B7-8A5D-FF8A75948EE6}.Debug|Any CPU.Build.0 = Debug|Any CPU
		{3DD740DA-8A4D-44B7-8A5D-FF8A75948EE6}.Release|Any CPU.ActiveCfg = Release|Any CPU
		{3DD740DA-8A4D-44B7-8A5D-FF8A75948EE6}.Release|Any CPU.Build.0 = Release|Any CPU
		{31807024-1145-4EA5-981B-46B1734092E2}.Debug|Any CPU.ActiveCfg = Debug|Any CPU
		{31807024-1145-4EA5-981B-46B1734092E2}.Debug|Any CPU.Build.0 = Debug|Any CPU
		{31807024-1145-4EA5-981B-46B1734092E2}.Release|Any CPU.ActiveCfg = Release|Any CPU
		{31807024-1145-4EA5-981B-46B1734092E2}.Release|Any CPU.Build.0 = Release|Any CPU
		{3DB0F1AD-3784-422B-9944-C414AF0535A7}.Debug|Any CPU.ActiveCfg = Debug|Any CPU
		{3DB0F1AD-3784-422B-9944-C414AF0535A7}.Debug|Any CPU.Build.0 = Debug|Any CPU
		{3DB0F1AD-3784-422B-9944-C414AF0535A7}.Release|Any CPU.ActiveCfg = Release|Any CPU
		{3DB0F1AD-3784-422B-9944-C414AF0535A7}.Release|Any CPU.Build.0 = Release|Any CPU
		{3432B97B-A279-4452-BA9C-AEEB5C83AA24}.Debug|Any CPU.ActiveCfg = Debug|Any CPU
		{3432B97B-A279-4452-BA9C-AEEB5C83AA24}.Debug|Any CPU.Build.0 = Debug|Any CPU
		{3432B97B-A279-4452-BA9C-AEEB5C83AA24}.Release|Any CPU.ActiveCfg = Release|Any CPU
		{3432B97B-A279-4452-BA9C-AEEB5C83AA24}.Release|Any CPU.Build.0 = Release|Any CPU
		{F2824893-C1AD-4556-A8D7-6B9B3F7AD593}.Debug|Any CPU.ActiveCfg = Debug|Any CPU
		{F2824893-C1AD-4556-A8D7-6B9B3F7AD593}.Debug|Any CPU.Build.0 = Debug|Any CPU
		{F2824893-C1AD-4556-A8D7-6B9B3F7AD593}.Release|Any CPU.ActiveCfg = Release|Any CPU
		{F2824893-C1AD-4556-A8D7-6B9B3F7AD593}.Release|Any CPU.Build.0 = Release|Any CPU
		{8C7CC14B-11A8-43F0-BCF4-5D5CEC0BAE56}.Debug|Any CPU.ActiveCfg = Debug|Any CPU
		{8C7CC14B-11A8-43F0-BCF4-5D5CEC0BAE56}.Debug|Any CPU.Build.0 = Debug|Any CPU
		{8C7CC14B-11A8-43F0-BCF4-5D5CEC0BAE56}.Release|Any CPU.ActiveCfg = Release|Any CPU
		{8C7CC14B-11A8-43F0-BCF4-5D5CEC0BAE56}.Release|Any CPU.Build.0 = Release|Any CPU
		{BFE20B69-1B2C-4268-912D-5375E32B9981}.Debug|Any CPU.ActiveCfg = Debug|Any CPU
		{BFE20B69-1B2C-4268-912D-5375E32B9981}.Debug|Any CPU.Build.0 = Debug|Any CPU
		{BFE20B69-1B2C-4268-912D-5375E32B9981}.Release|Any CPU.ActiveCfg = Release|Any CPU
		{BFE20B69-1B2C-4268-912D-5375E32B9981}.Release|Any CPU.Build.0 = Release|Any CPU
		{4FE095E5-DAEB-49F6-886F-65192903D12A}.Debug|Any CPU.ActiveCfg = Debug|Any CPU
		{4FE095E5-DAEB-49F6-886F-65192903D12A}.Debug|Any CPU.Build.0 = Debug|Any CPU
		{4FE095E5-DAEB-49F6-886F-65192903D12A}.Release|Any CPU.ActiveCfg = Release|Any CPU
		{4FE095E5-DAEB-49F6-886F-65192903D12A}.Release|Any CPU.Build.0 = Release|Any CPU
		{64FCFA62-F8AE-422D-B3C8-C0784160AA39}.Debug|Any CPU.ActiveCfg = Debug|Any CPU
		{64FCFA62-F8AE-422D-B3C8-C0784160AA39}.Debug|Any CPU.Build.0 = Debug|Any CPU
		{64FCFA62-F8AE-422D-B3C8-C0784160AA39}.Release|Any CPU.ActiveCfg = Debug|Any CPU
		{64FCFA62-F8AE-422D-B3C8-C0784160AA39}.Release|Any CPU.Build.0 = Debug|Any CPU
		{65530701-02A9-40FE-8DE2-EE67C0BA7C9F}.Debug|Any CPU.ActiveCfg = Debug|Any CPU
		{65530701-02A9-40FE-8DE2-EE67C0BA7C9F}.Debug|Any CPU.Build.0 = Debug|Any CPU
		{65530701-02A9-40FE-8DE2-EE67C0BA7C9F}.Release|Any CPU.ActiveCfg = Release|Any CPU
		{65530701-02A9-40FE-8DE2-EE67C0BA7C9F}.Release|Any CPU.Build.0 = Release|Any CPU
		{CBCB2FC4-9E05-443C-996B-888344428119}.Debug|Any CPU.ActiveCfg = Debug|Any CPU
		{CBCB2FC4-9E05-443C-996B-888344428119}.Debug|Any CPU.Build.0 = Debug|Any CPU
		{CBCB2FC4-9E05-443C-996B-888344428119}.Release|Any CPU.ActiveCfg = Release|Any CPU
		{CBCB2FC4-9E05-443C-996B-888344428119}.Release|Any CPU.Build.0 = Release|Any CPU
		{A5453972-F676-4DA7-A86A-0E81009534AD}.Debug|Any CPU.ActiveCfg = Debug|Any CPU
		{A5453972-F676-4DA7-A86A-0E81009534AD}.Debug|Any CPU.Build.0 = Debug|Any CPU
		{A5453972-F676-4DA7-A86A-0E81009534AD}.Release|Any CPU.ActiveCfg = Release|Any CPU
		{A5453972-F676-4DA7-A86A-0E81009534AD}.Release|Any CPU.Build.0 = Release|Any CPU
		{EE2177FE-5A6A-41D8-BD6A-731EA4D88B51}.Debug|Any CPU.ActiveCfg = Debug|Any CPU
		{EE2177FE-5A6A-41D8-BD6A-731EA4D88B51}.Debug|Any CPU.Build.0 = Debug|Any CPU
		{EE2177FE-5A6A-41D8-BD6A-731EA4D88B51}.Release|Any CPU.ActiveCfg = Release|Any CPU
		{EE2177FE-5A6A-41D8-BD6A-731EA4D88B51}.Release|Any CPU.Build.0 = Release|Any CPU
		{BA1B30BA-4150-48F7-943C-21DFBDE201AA}.Debug|Any CPU.ActiveCfg = Debug|Any CPU
		{BA1B30BA-4150-48F7-943C-21DFBDE201AA}.Debug|Any CPU.Build.0 = Debug|Any CPU
		{BA1B30BA-4150-48F7-943C-21DFBDE201AA}.Release|Any CPU.ActiveCfg = Release|Any CPU
		{BA1B30BA-4150-48F7-943C-21DFBDE201AA}.Release|Any CPU.Build.0 = Release|Any CPU
		{E62A0F7A-3582-46F4-ADC8-28341AEE6CC8}.Debug|Any CPU.ActiveCfg = Debug|Any CPU
		{E62A0F7A-3582-46F4-ADC8-28341AEE6CC8}.Debug|Any CPU.Build.0 = Debug|Any CPU
		{E62A0F7A-3582-46F4-ADC8-28341AEE6CC8}.Release|Any CPU.ActiveCfg = Release|Any CPU
		{E62A0F7A-3582-46F4-ADC8-28341AEE6CC8}.Release|Any CPU.Build.0 = Release|Any CPU
		{B78C3D6A-F940-41B4-95F6-4FE69F5E2A72}.Debug|Any CPU.ActiveCfg = Debug|Any CPU
		{B78C3D6A-F940-41B4-95F6-4FE69F5E2A72}.Debug|Any CPU.Build.0 = Debug|Any CPU
		{B78C3D6A-F940-41B4-95F6-4FE69F5E2A72}.Release|Any CPU.ActiveCfg = Release|Any CPU
		{B78C3D6A-F940-41B4-95F6-4FE69F5E2A72}.Release|Any CPU.Build.0 = Release|Any CPU
	EndGlobalSection
	GlobalSection(SolutionProperties) = preSolution
		HideSolutionNode = FALSE
	EndGlobalSection
	GlobalSection(NestedProjects) = preSolution
		{26E93F42-5BD4-41C8-A534-98481BE8C4DE} = {E44A5803-7774-4C18-BA85-9DD4CED20A76}
		{FEEB464B-7EED-4B92-8B9B-00A9791FB237} = {E44A5803-7774-4C18-BA85-9DD4CED20A76}
		{BDE694B5-1D43-4D45-8252-AE4989F19CBB} = {E44A5803-7774-4C18-BA85-9DD4CED20A76}
		{E44A5803-7774-4C18-BA85-9DD4CED20A76} = {929CA028-706C-44A7-99A5-47E028407A72}
		{446C64F6-721C-4D5F-80F0-57FEFADC865A} = {929CA028-706C-44A7-99A5-47E028407A72}
		{CE0F9276-EDF0-44E1-A3E8-5369AD97C39C} = {446C64F6-721C-4D5F-80F0-57FEFADC865A}
		{F4FA484A-107F-4BF2-98AF-42B55C6D13BC} = {446C64F6-721C-4D5F-80F0-57FEFADC865A}
		{D3FF01F7-15AA-45DA-83E0-3A786910A393} = {446C64F6-721C-4D5F-80F0-57FEFADC865A}
		{49185B10-4897-4125-A6D0-349E9D39C1A2} = {7C02B643-169C-4ED3-871A-46B008B59271}
		{6F7173A1-671A-4A11-856D-530F8E70B19C} = {49185B10-4897-4125-A6D0-349E9D39C1A2}
		{68D615B9-3E52-49E1-AB86-9555AC35D596} = {49185B10-4897-4125-A6D0-349E9D39C1A2}
		{A689E437-270F-47CB-9934-949A644A2A9C} = {49185B10-4897-4125-A6D0-349E9D39C1A2}
		{29D0DEBF-6F36-4FEB-8FF6-AEBDB51A6066} = {D2E13EE2-BE60-4507-9E55-2DC88B9D6C95}
		{E03E491E-4156-42FE-A327-D7BDC98C3841} = {D2E13EE2-BE60-4507-9E55-2DC88B9D6C95}
		{BF55918A-44CC-4006-9684-ABF26D652C69} = {D2E13EE2-BE60-4507-9E55-2DC88B9D6C95}
		{E6A8D504-6CDE-48A5-AB05-FD99B0E2B5C5} = {89FA31ED-AA6F-42B9-9A1A-3FCC48787F63}
		{FB530EFF-969D-4F05-8E31-FDEFFB3A0606} = {89FA31ED-AA6F-42B9-9A1A-3FCC48787F63}
		{659A9493-8905-44DA-BFFD-FB3593ADC05E} = {F0F04BD6-EFB2-4B93-9B20-B1797F683FD0}
		{B48C9F6E-E943-4749-97C9-B0032AFEF420} = {7C02B643-169C-4ED3-871A-46B008B59271}
		{C3B8B755-08B2-492B-94AC-00118B69000D} = {7C02B643-169C-4ED3-871A-46B008B59271}
		{EE03E2D2-2188-4039-A8DF-CAD403DB78A3} = {B60AF327-72A1-47D1-965F-6F17F04BE00B}
		{B8DA3EE6-DD22-49F6-9600-1C18D7C41075} = {B60AF327-72A1-47D1-965F-6F17F04BE00B}
		{DEBD1DEE-E82E-4210-B475-283077BA58FD} = {B60AF327-72A1-47D1-965F-6F17F04BE00B}
		{B3249114-7B9D-4D26-AD0A-7DAB0CE27201} = {B60AF327-72A1-47D1-965F-6F17F04BE00B}
		{60D3FA81-18CB-4F33-82FC-9EAE671EFCCD} = {B60AF327-72A1-47D1-965F-6F17F04BE00B}
		{B11CC4DF-D495-493B-ABC7-1643CE9902A4} = {B60AF327-72A1-47D1-965F-6F17F04BE00B}
		{9A419532-E1DC-4714-83CC-5DBEA47B3901} = {B60AF327-72A1-47D1-965F-6F17F04BE00B}
		{CD043DE5-E438-46E7-92E4-222E0015E89C} = {B60AF327-72A1-47D1-965F-6F17F04BE00B}
		{2E42D169-3BB0-4D2C-9339-6614517C5DD1} = {B60AF327-72A1-47D1-965F-6F17F04BE00B}
		{6DB61F06-26E3-49D7-BB0A-E0D05C92DDBA} = {B60AF327-72A1-47D1-965F-6F17F04BE00B}
		{968F07C5-1822-4BD9-BB74-4FD7E32C6648} = {B60AF327-72A1-47D1-965F-6F17F04BE00B}
		{A693691F-38D9-4E38-B349-1DFC19E786C2} = {B60AF327-72A1-47D1-965F-6F17F04BE00B}
		{5FE0953C-749D-4FC5-9D81-220921D7E08C} = {29D0DEBF-6F36-4FEB-8FF6-AEBDB51A6066}
		{61F818E4-5EE7-4C1F-9DFB-032E4C40CAF2} = {29D0DEBF-6F36-4FEB-8FF6-AEBDB51A6066}
		{1D350BD6-9164-4BE8-9184-654425D4F607} = {29D0DEBF-6F36-4FEB-8FF6-AEBDB51A6066}
		{FE530387-041D-4CB7-9A5C-969A883B6542} = {29D0DEBF-6F36-4FEB-8FF6-AEBDB51A6066}
		{BC05F353-3BB9-492F-956A-DEC952574A08} = {E03E491E-4156-42FE-A327-D7BDC98C3841}
		{5E2E8185-DE34-4CDC-954B-2911B3F601B8} = {E03E491E-4156-42FE-A327-D7BDC98C3841}
		{3DD740DA-8A4D-44B7-8A5D-FF8A75948EE6} = {E03E491E-4156-42FE-A327-D7BDC98C3841}
		{31807024-1145-4EA5-981B-46B1734092E2} = {E03E491E-4156-42FE-A327-D7BDC98C3841}
		{3DB0F1AD-3784-422B-9944-C414AF0535A7} = {BF55918A-44CC-4006-9684-ABF26D652C69}
		{3432B97B-A279-4452-BA9C-AEEB5C83AA24} = {BF55918A-44CC-4006-9684-ABF26D652C69}
		{F2824893-C1AD-4556-A8D7-6B9B3F7AD593} = {BF55918A-44CC-4006-9684-ABF26D652C69}
		{8C7CC14B-11A8-43F0-BCF4-5D5CEC0BAE56} = {BF55918A-44CC-4006-9684-ABF26D652C69}
		{BFE20B69-1B2C-4268-912D-5375E32B9981} = {EE03E2D2-2188-4039-A8DF-CAD403DB78A3}
		{4FE095E5-DAEB-49F6-886F-65192903D12A} = {EE03E2D2-2188-4039-A8DF-CAD403DB78A3}
		{64FCFA62-F8AE-422D-B3C8-C0784160AA39} = {EE03E2D2-2188-4039-A8DF-CAD403DB78A3}
		{65530701-02A9-40FE-8DE2-EE67C0BA7C9F} = {E6A8D504-6CDE-48A5-AB05-FD99B0E2B5C5}
		{CBCB2FC4-9E05-443C-996B-888344428119} = {E6A8D504-6CDE-48A5-AB05-FD99B0E2B5C5}
		{A5453972-F676-4DA7-A86A-0E81009534AD} = {E6A8D504-6CDE-48A5-AB05-FD99B0E2B5C5}
		{EE2177FE-5A6A-41D8-BD6A-731EA4D88B51} = {FB530EFF-969D-4F05-8E31-FDEFFB3A0606}
		{BA1B30BA-4150-48F7-943C-21DFBDE201AA} = {FB530EFF-969D-4F05-8E31-FDEFFB3A0606}
		{E62A0F7A-3582-46F4-ADC8-28341AEE6CC8} = {FB530EFF-969D-4F05-8E31-FDEFFB3A0606}
		{B78C3D6A-F940-41B4-95F6-4FE69F5E2A72} = {FB530EFF-969D-4F05-8E31-FDEFFB3A0606}
	EndGlobalSection
	GlobalSection(ExtensibilityGlobals) = postSolution
		SolutionGuid = {692D00EE-1D68-4B28-91E6-A70E4ED8B192}
	EndGlobalSection
EndGlobal
