
Microsoft Visual Studio Solution File, Format Version 10.00
# Visual Studio 2008
Project("{E24C65DC-7377-472B-9ABA-BC803B73C61A}") = "AJAX.JSONSerialization", "..\AJAX.JSONSerialization", "{AE112929-DD15-43F8-81CF-CB9D7FB8C9D4}"
	ProjectSection(WebsiteProperties) = preProject
		TargetFramework = "3.5"
		Debug.AspNetCompiler.VirtualPath = "/AJAX.JSONSerialization"
		Debug.AspNetCompiler.PhysicalPath = "..\AJAX.JSONSerialization\"
		Debug.AspNetCompiler.TargetPath = "PrecompiledWeb\AJAX.JSONSerialization\"
		Debug.AspNetCompiler.Updateable = "true"
		Debug.AspNetCompiler.ForceOverwrite = "true"
		Debug.AspNetCompiler.FixedNames = "false"
		Debug.AspNetCompiler.Debug = "True"
		Release.AspNetCompiler.VirtualPath = "/AJAX.JSONSerialization"
		Release.AspNetCompiler.PhysicalPath = "..\AJAX.JSONSerialization\"
		Release.AspNetCompiler.TargetPath = "PrecompiledWeb\AJAX.JSONSerialization\"
		Release.AspNetCompiler.Updateable = "true"
		Release.AspNetCompiler.ForceOverwrite = "true"
		Release.AspNetCompiler.FixedNames = "false"
		Release.AspNetCompiler.Debug = "False"
		VWDPort = "2464"
	EndProjectSection
EndProject
Global
	GlobalSection(SolutionConfigurationPlatforms) = preSolution
		Debug|Any CPU = Debug|Any CPU
	EndGlobalSection
	GlobalSection(ProjectConfigurationPlatforms) = postSolution
		{AE112929-DD15-43F8-81CF-CB9D7FB8C9D4}.Debug|Any CPU.ActiveCfg = Debug|Any CPU
		{AE112929-DD15-43F8-81CF-CB9D7FB8C9D4}.Debug|Any CPU.Build.0 = Debug|Any CPU
	EndGlobalSection
	GlobalSection(SolutionProperties) = preSolution
		HideSolutionNode = FALSE
	EndGlobalSection
EndGlobal
